// !$*UTF8*$!
{
	archiveVersion = 1;
	classes = {
	};
	objectVersion = 56;
	objects = {

/* Begin PBXBuildFile section */
		0D43CF332D06E73E00E19821 /* UserCredentials.swift in Sources */ = {isa = PBXBuildFile; fileRef = 0D43CF322D06E73E00E19821 /* UserCredentials.swift */; };
		0D43CF352D06E92600E19821 /* ProfilePicture.swift in Sources */ = {isa = PBXBuildFile; fileRef = 0D43CF342D06E92600E19821 /* ProfilePicture.swift */; };
		0D43CF382D0710A500E19821 /* Launch Screen.storyboard in Resources */ = {isa = PBXBuildFile; fileRef = 0D43CF372D0710A500E19821 /* Launch Screen.storyboard */; };
		0D4428982D053F04003AB7D9 /* User.swift in Sources */ = {isa = PBXBuildFile; fileRef = 0D4428972D053F04003AB7D9 /* User.swift */; };
		0D47309F2CEEAC88000560FF /* JListApp.swift in Sources */ = {isa = PBXBuildFile; fileRef = 0D47309E2CEEAC88000560FF /* JListApp.swift */; };
		0D4730A12CEEAC88000560FF /* ContentView.swift in Sources */ = {isa = PBXBuildFile; fileRef = 0D4730A02CEEAC88000560FF /* ContentView.swift */; };
		0D4730A52CEEAC89000560FF /* Assets.xcassets in Resources */ = {isa = PBXBuildFile; fileRef = 0D4730A42CEEAC89000560FF /* Assets.xcassets */; };
		0D4730A82CEEAC89000560FF /* Preview Assets.xcassets in Resources */ = {isa = PBXBuildFile; fileRef = 0D4730A72CEEAC89000560FF /* Preview Assets.xcassets */; };
		0D4730B12CEEB75C000560FF /* ListsView.swift in Sources */ = {isa = PBXBuildFile; fileRef = 0D4730B02CEEB75C000560FF /* ListsView.swift */; };
		0D4730B32CEEB897000560FF /* SignUpView.swift in Sources */ = {isa = PBXBuildFile; fileRef = 0D4730B22CEEB897000560FF /* SignUpView.swift */; };
		0D7024062D0262E7000E415D /* Lists.swift in Sources */ = {isa = PBXBuildFile; fileRef = 0D7024052D0262E7000E415D /* Lists.swift */; };
		0D7024082D02BECF000E415D /* TasksView.swift in Sources */ = {isa = PBXBuildFile; fileRef = 0D7024072D02BECF000E415D /* TasksView.swift */; };
		0D73F3F62CF55FAD007862F3 /* ProfileView.swift in Sources */ = {isa = PBXBuildFile; fileRef = 0D73F3F52CF55FAD007862F3 /* ProfileView.swift */; };
		0D73F3F82CF55FC3007862F3 /* ChatView.swift in Sources */ = {isa = PBXBuildFile; fileRef = 0D73F3F72CF55FC3007862F3 /* ChatView.swift */; };
		0D89EFB42D0393DA004F9A49 /* CreateTaskView.swift in Sources */ = {isa = PBXBuildFile; fileRef = 0D89EFB32D0393DA004F9A49 /* CreateTaskView.swift */; };
		0D95EDDB2CFE824C00BE10F9 /* FriendTab.swift in Sources */ = {isa = PBXBuildFile; fileRef = 0D95EDDA2CFE824C00BE10F9 /* FriendTab.swift */; };
		0D95EDDD2CFE96FC00BE10F9 /* TabBar.swift in Sources */ = {isa = PBXBuildFile; fileRef = 0D95EDDC2CFE96FC00BE10F9 /* TabBar.swift */; };
		0D95EDDF2CFEA38500BE10F9 /* TabBarView.swift in Sources */ = {isa = PBXBuildFile; fileRef = 0D95EDDE2CFEA38500BE10F9 /* TabBarView.swift */; };
		0D95EDE12CFEC31B00BE10F9 /* UserFriends.swift in Sources */ = {isa = PBXBuildFile; fileRef = 0D95EDE02CFEC31B00BE10F9 /* UserFriends.swift */; };
		0DCB3DA32D00074B00F48B41 /* CreateListView.swift in Sources */ = {isa = PBXBuildFile; fileRef = 0DCB3DA22D00074B00F48B41 /* CreateListView.swift */; };
		0DD637922D062D4C0044504B /* Tasks.swift in Sources */ = {isa = PBXBuildFile; fileRef = 0DD637912D062D4C0044504B /* Tasks.swift */; };
		0DD637942D06890C0044504B /* MessageView.swift in Sources */ = {isa = PBXBuildFile; fileRef = 0DD637932D06890C0044504B /* MessageView.swift */; };
		0DD637982D069CE40044504B /* TextMessages.swift in Sources */ = {isa = PBXBuildFile; fileRef = 0DD637972D069CE40044504B /* TextMessages.swift */; };
		592D96AD2D0BD92100D51CF9 /* LocationManager.swift in Sources */ = {isa = PBXBuildFile; fileRef = 592D96AC2D0BD92100D51CF9 /* LocationManager.swift */; };
/* End PBXBuildFile section */

/* Begin PBXFileReference section */
		0D43CF322D06E73E00E19821 /* UserCredentials.swift */ = {isa = PBXFileReference; lastKnownFileType = sourcecode.swift; path = UserCredentials.swift; sourceTree = "<group>"; };
		0D43CF342D06E92600E19821 /* ProfilePicture.swift */ = {isa = PBXFileReference; lastKnownFileType = sourcecode.swift; path = ProfilePicture.swift; sourceTree = "<group>"; };
		0D43CF372D0710A500E19821 /* Launch Screen.storyboard */ = {isa = PBXFileReference; lastKnownFileType = file.storyboard; path = "Launch Screen.storyboard"; sourceTree = "<group>"; };
		0D4428972D053F04003AB7D9 /* User.swift */ = {isa = PBXFileReference; lastKnownFileType = sourcecode.swift; path = User.swift; sourceTree = "<group>"; };
		0D47309B2CEEAC88000560FF /* JList.app */ = {isa = PBXFileReference; explicitFileType = wrapper.application; includeInIndex = 0; path = JList.app; sourceTree = BUILT_PRODUCTS_DIR; };
		0D47309E2CEEAC88000560FF /* JListApp.swift */ = {isa = PBXFileReference; lastKnownFileType = sourcecode.swift; path = JListApp.swift; sourceTree = "<group>"; };
		0D4730A02CEEAC88000560FF /* ContentView.swift */ = {isa = PBXFileReference; lastKnownFileType = sourcecode.swift; path = ContentView.swift; sourceTree = "<group>"; };
		0D4730A42CEEAC89000560FF /* Assets.xcassets */ = {isa = PBXFileReference; lastKnownFileType = folder.assetcatalog; path = Assets.xcassets; sourceTree = "<group>"; };
		0D4730A72CEEAC89000560FF /* Preview Assets.xcassets */ = {isa = PBXFileReference; lastKnownFileType = folder.assetcatalog; path = "Preview Assets.xcassets"; sourceTree = "<group>"; };
		0D4730B02CEEB75C000560FF /* ListsView.swift */ = {isa = PBXFileReference; lastKnownFileType = sourcecode.swift; path = ListsView.swift; sourceTree = "<group>"; };
		0D4730B22CEEB897000560FF /* SignUpView.swift */ = {isa = PBXFileReference; lastKnownFileType = sourcecode.swift; path = SignUpView.swift; sourceTree = "<group>"; };
		0D7024052D0262E7000E415D /* Lists.swift */ = {isa = PBXFileReference; lastKnownFileType = sourcecode.swift; path = Lists.swift; sourceTree = "<group>"; };
		0D7024072D02BECF000E415D /* TasksView.swift */ = {isa = PBXFileReference; lastKnownFileType = sourcecode.swift; path = TasksView.swift; sourceTree = "<group>"; };
		0D73F3F52CF55FAD007862F3 /* ProfileView.swift */ = {isa = PBXFileReference; lastKnownFileType = sourcecode.swift; path = ProfileView.swift; sourceTree = "<group>"; };
		0D73F3F72CF55FC3007862F3 /* ChatView.swift */ = {isa = PBXFileReference; lastKnownFileType = sourcecode.swift; path = ChatView.swift; sourceTree = "<group>"; };
		0D89EFB32D0393DA004F9A49 /* CreateTaskView.swift */ = {isa = PBXFileReference; lastKnownFileType = sourcecode.swift; path = CreateTaskView.swift; sourceTree = "<group>"; };
		0D95EDDA2CFE824C00BE10F9 /* FriendTab.swift */ = {isa = PBXFileReference; lastKnownFileType = sourcecode.swift; path = FriendTab.swift; sourceTree = "<group>"; };
		0D95EDDC2CFE96FC00BE10F9 /* TabBar.swift */ = {isa = PBXFileReference; lastKnownFileType = sourcecode.swift; path = TabBar.swift; sourceTree = "<group>"; };
		0D95EDDE2CFEA38500BE10F9 /* TabBarView.swift */ = {isa = PBXFileReference; lastKnownFileType = sourcecode.swift; path = TabBarView.swift; sourceTree = "<group>"; };
		0D95EDE02CFEC31B00BE10F9 /* UserFriends.swift */ = {isa = PBXFileReference; lastKnownFileType = sourcecode.swift; path = UserFriends.swift; sourceTree = "<group>"; };
		0DCB3DA22D00074B00F48B41 /* CreateListView.swift */ = {isa = PBXFileReference; lastKnownFileType = sourcecode.swift; path = CreateListView.swift; sourceTree = "<group>"; };
		0DD637912D062D4C0044504B /* Tasks.swift */ = {isa = PBXFileReference; lastKnownFileType = sourcecode.swift; path = Tasks.swift; sourceTree = "<group>"; };
		0DD637932D06890C0044504B /* MessageView.swift */ = {isa = PBXFileReference; lastKnownFileType = sourcecode.swift; path = MessageView.swift; sourceTree = "<group>"; };
		0DD637972D069CE40044504B /* TextMessages.swift */ = {isa = PBXFileReference; lastKnownFileType = sourcecode.swift; path = TextMessages.swift; sourceTree = "<group>"; };
		592D96AC2D0BD92100D51CF9 /* LocationManager.swift */ = {isa = PBXFileReference; lastKnownFileType = sourcecode.swift; path = LocationManager.swift; sourceTree = "<group>"; };
/* End PBXFileReference section */

/* Begin PBXFrameworksBuildPhase section */
		0D4730982CEEAC88000560FF /* Frameworks */ = {
			isa = PBXFrameworksBuildPhase;
			buildActionMask = 2147483647;
			files = (
			);
			runOnlyForDeploymentPostprocessing = 0;
		};
/* End PBXFrameworksBuildPhase section */

/* Begin PBXGroup section */
		0D4730922CEEAC88000560FF = {
			isa = PBXGroup;
			children = (
				0D47309D2CEEAC88000560FF /* JList */,
				0D47309C2CEEAC88000560FF /* Products */,
			);
			sourceTree = "<group>";
		};
		0D47309C2CEEAC88000560FF /* Products */ = {
			isa = PBXGroup;
			children = (
				0D47309B2CEEAC88000560FF /* JList.app */,
			);
			name = Products;
			sourceTree = "<group>";
		};
		0D47309D2CEEAC88000560FF /* JList */ = {
			isa = PBXGroup;
			children = (
				592D96AC2D0BD92100D51CF9 /* LocationManager.swift */,
				0D43CF342D06E92600E19821 /* ProfilePicture.swift */,
				0DD637972D069CE40044504B /* TextMessages.swift */,
				0D43CF322D06E73E00E19821 /* UserCredentials.swift */,
				0D4428972D053F04003AB7D9 /* User.swift */,
				0DD637912D062D4C0044504B /* Tasks.swift */,
				0D7024052D0262E7000E415D /* Lists.swift */,
				0D95EDE02CFEC31B00BE10F9 /* UserFriends.swift */,
				0D47309E2CEEAC88000560FF /* JListApp.swift */,
				0D4730A02CEEAC88000560FF /* ContentView.swift */,
				0D4730B22CEEB897000560FF /* SignUpView.swift */,
				0D4730B02CEEB75C000560FF /* ListsView.swift */,
				0D73F3F52CF55FAD007862F3 /* ProfileView.swift */,
				0D73F3F72CF55FC3007862F3 /* ChatView.swift */,
				0D7024072D02BECF000E415D /* TasksView.swift */,
				0DD637932D06890C0044504B /* MessageView.swift */,
				0DCB3DA22D00074B00F48B41 /* CreateListView.swift */,
				0D89EFB32D0393DA004F9A49 /* CreateTaskView.swift */,
				0D95EDDA2CFE824C00BE10F9 /* FriendTab.swift */,
				0D95EDDE2CFEA38500BE10F9 /* TabBarView.swift */,
				0D95EDDC2CFE96FC00BE10F9 /* TabBar.swift */,
				0D4730A42CEEAC89000560FF /* Assets.xcassets */,
				0D4730A62CEEAC89000560FF /* Preview Content */,
				0D43CF372D0710A500E19821 /* Launch Screen.storyboard */,
			);
			path = JList;
			sourceTree = "<group>";
		};
		0D4730A62CEEAC89000560FF /* Preview Content */ = {
			isa = PBXGroup;
			children = (
				0D4730A72CEEAC89000560FF /* Preview Assets.xcassets */,
			);
			path = "Preview Content";
			sourceTree = "<group>";
		};
/* End PBXGroup section */

/* Begin PBXNativeTarget section */
		0D47309A2CEEAC88000560FF /* JList */ = {
			isa = PBXNativeTarget;
			buildConfigurationList = 0D4730AB2CEEAC89000560FF /* Build configuration list for PBXNativeTarget "JList" */;
			buildPhases = (
				0D4730972CEEAC88000560FF /* Sources */,
				0D4730982CEEAC88000560FF /* Frameworks */,
				0D4730992CEEAC88000560FF /* Resources */,
			);
			buildRules = (
			);
			dependencies = (
			);
			name = JList;
			productName = JList;
			productReference = 0D47309B2CEEAC88000560FF /* JList.app */;
			productType = "com.apple.product-type.application";
		};
/* End PBXNativeTarget section */

/* Begin PBXProject section */
		0D4730932CEEAC88000560FF /* Project object */ = {
			isa = PBXProject;
			attributes = {
				BuildIndependentTargetsInParallel = 1;
				LastSwiftUpdateCheck = 1540;
				LastUpgradeCheck = 1540;
				TargetAttributes = {
					0D47309A2CEEAC88000560FF = {
						CreatedOnToolsVersion = 15.4;
					};
				};
			};
			buildConfigurationList = 0D4730962CEEAC88000560FF /* Build configuration list for PBXProject "JList" */;
			compatibilityVersion = "Xcode 14.0";
			developmentRegion = en;
			hasScannedForEncodings = 0;
			knownRegions = (
				en,
				Base,
			);
			mainGroup = 0D4730922CEEAC88000560FF;
			productRefGroup = 0D47309C2CEEAC88000560FF /* Products */;
			projectDirPath = "";
			projectRoot = "";
			targets = (
				0D47309A2CEEAC88000560FF /* JList */,
			);
		};
/* End PBXProject section */

/* Begin PBXResourcesBuildPhase section */
		0D4730992CEEAC88000560FF /* Resources */ = {
			isa = PBXResourcesBuildPhase;
			buildActionMask = 2147483647;
			files = (
				0D43CF382D0710A500E19821 /* Launch Screen.storyboard in Resources */,
				0D4730A82CEEAC89000560FF /* Preview Assets.xcassets in Resources */,
				0D4730A52CEEAC89000560FF /* Assets.xcassets in Resources */,
			);
			runOnlyForDeploymentPostprocessing = 0;
		};
/* End PBXResourcesBuildPhase section */

/* Begin PBXSourcesBuildPhase section */
		0D4730972CEEAC88000560FF /* Sources */ = {
			isa = PBXSourcesBuildPhase;
			buildActionMask = 2147483647;
			files = (
				0D95EDDF2CFEA38500BE10F9 /* TabBarView.swift in Sources */,
				0DD637982D069CE40044504B /* TextMessages.swift in Sources */,
				0D7024062D0262E7000E415D /* Lists.swift in Sources */,
				0D4730B12CEEB75C000560FF /* ListsView.swift in Sources */,
				0D43CF332D06E73E00E19821 /* UserCredentials.swift in Sources */,
				0D7024082D02BECF000E415D /* TasksView.swift in Sources */,
				0D4428982D053F04003AB7D9 /* User.swift in Sources */,
				0D4730B32CEEB897000560FF /* SignUpView.swift in Sources */,
				0D4730A12CEEAC88000560FF /* ContentView.swift in Sources */,
				0D89EFB42D0393DA004F9A49 /* CreateTaskView.swift in Sources */,
				0D73F3F82CF55FC3007862F3 /* ChatView.swift in Sources */,
				0D95EDDD2CFE96FC00BE10F9 /* TabBar.swift in Sources */,
				0D43CF352D06E92600E19821 /* ProfilePicture.swift in Sources */,
				0DCB3DA32D00074B00F48B41 /* CreateListView.swift in Sources */,
				0D47309F2CEEAC88000560FF /* JListApp.swift in Sources */,
				0DD637942D06890C0044504B /* MessageView.swift in Sources */,
				0D95EDE12CFEC31B00BE10F9 /* UserFriends.swift in Sources */,
				592D96AD2D0BD92100D51CF9 /* LocationManager.swift in Sources */,
				0D73F3F62CF55FAD007862F3 /* ProfileView.swift in Sources */,
				0DD637922D062D4C0044504B /* Tasks.swift in Sources */,
				0D95EDDB2CFE824C00BE10F9 /* FriendTab.swift in Sources */,
			);
			runOnlyForDeploymentPostprocessing = 0;
		};
/* End PBXSourcesBuildPhase section */

/* Begin XCBuildConfiguration section */
		0D4730A92CEEAC89000560FF /* Debug */ = {
			isa = XCBuildConfiguration;
			buildSettings = {
				ALWAYS_SEARCH_USER_PATHS = NO;
				ASSETCATALOG_COMPILER_GENERATE_SWIFT_ASSET_SYMBOL_EXTENSIONS = YES;
				CLANG_ANALYZER_NONNULL = YES;
				CLANG_ANALYZER_NUMBER_OBJECT_CONVERSION = YES_AGGRESSIVE;
				CLANG_CXX_LANGUAGE_STANDARD = "gnu++20";
				CLANG_ENABLE_MODULES = YES;
				CLANG_ENABLE_OBJC_ARC = YES;
				CLANG_ENABLE_OBJC_WEAK = YES;
				CLANG_WARN_BLOCK_CAPTURE_AUTORELEASING = YES;
				CLANG_WARN_BOOL_CONVERSION = YES;
				CLANG_WARN_COMMA = YES;
				CLANG_WARN_CONSTANT_CONVERSION = YES;
				CLANG_WARN_DEPRECATED_OBJC_IMPLEMENTATIONS = YES;
				CLANG_WARN_DIRECT_OBJC_ISA_USAGE = YES_ERROR;
				CLANG_WARN_DOCUMENTATION_COMMENTS = YES;
				CLANG_WARN_EMPTY_BODY = YES;
				CLANG_WARN_ENUM_CONVERSION = YES;
				CLANG_WARN_INFINITE_RECURSION = YES;
				CLANG_WARN_INT_CONVERSION = YES;
				CLANG_WARN_NON_LITERAL_NULL_CONVERSION = YES;
				CLANG_WARN_OBJC_IMPLICIT_RETAIN_SELF = YES;
				CLANG_WARN_OBJC_LITERAL_CONVERSION = YES;
				CLANG_WARN_OBJC_ROOT_CLASS = YES_ERROR;
				CLANG_WARN_QUOTED_INCLUDE_IN_FRAMEWORK_HEADER = YES;
				CLANG_WARN_RANGE_LOOP_ANALYSIS = YES;
				CLANG_WARN_STRICT_PROTOTYPES = YES;
				CLANG_WARN_SUSPICIOUS_MOVE = YES;
				CLANG_WARN_UNGUARDED_AVAILABILITY = YES_AGGRESSIVE;
				CLANG_WARN_UNREACHABLE_CODE = YES;
				CLANG_WARN__DUPLICATE_METHOD_MATCH = YES;
				COPY_PHASE_STRIP = NO;
				DEBUG_INFORMATION_FORMAT = dwarf;
				ENABLE_STRICT_OBJC_MSGSEND = YES;
				ENABLE_TESTABILITY = YES;
				ENABLE_USER_SCRIPT_SANDBOXING = YES;
				GCC_C_LANGUAGE_STANDARD = gnu17;
				GCC_DYNAMIC_NO_PIC = NO;
				GCC_NO_COMMON_BLOCKS = YES;
				GCC_OPTIMIZATION_LEVEL = 0;
				GCC_PREPROCESSOR_DEFINITIONS = (
					"DEBUG=1",
					"$(inherited)",
				);
				GCC_WARN_64_TO_32_BIT_CONVERSION = YES;
				GCC_WARN_ABOUT_RETURN_TYPE = YES_ERROR;
				GCC_WARN_UNDECLARED_SELECTOR = YES;
				GCC_WARN_UNINITIALIZED_AUTOS = YES_AGGRESSIVE;
				GCC_WARN_UNUSED_FUNCTION = YES;
				GCC_WARN_UNUSED_VARIABLE = YES;
				IPHONEOS_DEPLOYMENT_TARGET = 17.5;
				LOCALIZATION_PREFERS_STRING_CATALOGS = YES;
				MTL_ENABLE_DEBUG_INFO = INCLUDE_SOURCE;
				MTL_FAST_MATH = YES;
				ONLY_ACTIVE_ARCH = YES;
				SDKROOT = iphoneos;
				SWIFT_ACTIVE_COMPILATION_CONDITIONS = "DEBUG $(inherited)";
				SWIFT_OPTIMIZATION_LEVEL = "-Onone";
			};
			name = Debug;
		};
		0D4730AA2CEEAC89000560FF /* Release */ = {
			isa = XCBuildConfiguration;
			buildSettings = {
				ALWAYS_SEARCH_USER_PATHS = NO;
				ASSETCATALOG_COMPILER_GENERATE_SWIFT_ASSET_SYMBOL_EXTENSIONS = YES;
				CLANG_ANALYZER_NONNULL = YES;
				CLANG_ANALYZER_NUMBER_OBJECT_CONVERSION = YES_AGGRESSIVE;
				CLANG_CXX_LANGUAGE_STANDARD = "gnu++20";
				CLANG_ENABLE_MODULES = YES;
				CLANG_ENABLE_OBJC_ARC = YES;
				CLANG_ENABLE_OBJC_WEAK = YES;
				CLANG_WARN_BLOCK_CAPTURE_AUTORELEASING = YES;
				CLANG_WARN_BOOL_CONVERSION = YES;
				CLANG_WARN_COMMA = YES;
				CLANG_WARN_CONSTANT_CONVERSION = YES;
				CLANG_WARN_DEPRECATED_OBJC_IMPLEMENTATIONS = YES;
				CLANG_WARN_DIRECT_OBJC_ISA_USAGE = YES_ERROR;
				CLANG_WARN_DOCUMENTATION_COMMENTS = YES;
				CLANG_WARN_EMPTY_BODY = YES;
				CLANG_WARN_ENUM_CONVERSION = YES;
				CLANG_WARN_INFINITE_RECURSION = YES;
				CLANG_WARN_INT_CONVERSION = YES;
				CLANG_WARN_NON_LITERAL_NULL_CONVERSION = YES;
				CLANG_WARN_OBJC_IMPLICIT_RETAIN_SELF = YES;
				CLANG_WARN_OBJC_LITERAL_CONVERSION = YES;
				CLANG_WARN_OBJC_ROOT_CLASS = YES_ERROR;
				CLANG_WARN_QUOTED_INCLUDE_IN_FRAMEWORK_HEADER = YES;
				CLANG_WARN_RANGE_LOOP_ANALYSIS = YES;
				CLANG_WARN_STRICT_PROTOTYPES = YES;
				CLANG_WARN_SUSPICIOUS_MOVE = YES;
				CLANG_WARN_UNGUARDED_AVAILABILITY = YES_AGGRESSIVE;
				CLANG_WARN_UNREACHABLE_CODE = YES;
				CLANG_WARN__DUPLICATE_METHOD_MATCH = YES;
				COPY_PHASE_STRIP = NO;
				DEBUG_INFORMATION_FORMAT = "dwarf-with-dsym";
				ENABLE_NS_ASSERTIONS = NO;
				ENABLE_STRICT_OBJC_MSGSEND = YES;
				ENABLE_USER_SCRIPT_SANDBOXING = YES;
				GCC_C_LANGUAGE_STANDARD = gnu17;
				GCC_NO_COMMON_BLOCKS = YES;
				GCC_WARN_64_TO_32_BIT_CONVERSION = YES;
				GCC_WARN_ABOUT_RETURN_TYPE = YES_ERROR;
				GCC_WARN_UNDECLARED_SELECTOR = YES;
				GCC_WARN_UNINITIALIZED_AUTOS = YES_AGGRESSIVE;
				GCC_WARN_UNUSED_FUNCTION = YES;
				GCC_WARN_UNUSED_VARIABLE = YES;
				IPHONEOS_DEPLOYMENT_TARGET = 17.5;
				LOCALIZATION_PREFERS_STRING_CATALOGS = YES;
				MTL_ENABLE_DEBUG_INFO = NO;
				MTL_FAST_MATH = YES;
				SDKROOT = iphoneos;
				SWIFT_COMPILATION_MODE = wholemodule;
				VALIDATE_PRODUCT = YES;
			};
			name = Release;
		};
		0D4730AC2CEEAC89000560FF /* Debug */ = {
			isa = XCBuildConfiguration;
			buildSettings = {
				ASSETCATALOG_COMPILER_APPICON_NAME = AppIcon;
				ASSETCATALOG_COMPILER_GLOBAL_ACCENT_COLOR_NAME = AccentColor;
				CODE_SIGN_STYLE = Automatic;
				CURRENT_PROJECT_VERSION = 1;
				DEVELOPMENT_ASSET_PATHS = "\"JList/Preview Content\"";
				DEVELOPMENT_TEAM = TRHCY6MMY7;
				ENABLE_PREVIEWS = YES;
				GENERATE_INFOPLIST_FILE = YES;
				INFOPLIST_FILE = JList/Info.plist;
				INFOPLIST_KEY_NSLocationWhenInUseUsageDescription = "Need location services to send notifications.";
				INFOPLIST_KEY_UIApplicationSceneManifest_Generation = YES;
				INFOPLIST_KEY_UIApplicationSupportsIndirectInputEvents = YES;
				INFOPLIST_KEY_UILaunchScreen_Generation = YES;
				INFOPLIST_KEY_UILaunchStoryboardName = "Launch Screen.storyboard";
				INFOPLIST_KEY_UISupportedInterfaceOrientations_iPad = "UIInterfaceOrientationPortrait UIInterfaceOrientationPortraitUpsideDown UIInterfaceOrientationLandscapeLeft UIInterfaceOrientationLandscapeRight";
				INFOPLIST_KEY_UISupportedInterfaceOrientations_iPhone = "UIInterfaceOrientationPortrait UIInterfaceOrientationLandscapeLeft UIInterfaceOrientationLandscapeRight";
				LD_RUNPATH_SEARCH_PATHS = (
					"$(inherited)",
					"@executable_path/Frameworks",
				);
				MARKETING_VERSION = 1.0;
				PRODUCT_BUNDLE_IDENTIFIER = com.example.www.JList;
				PRODUCT_NAME = "$(TARGET_NAME)";
				SWIFT_EMIT_LOC_STRINGS = YES;
				SWIFT_VERSION = 5.0;
				TARGETED_DEVICE_FAMILY = "1,2";
			};
			name = Debug;
		};
		0D4730AD2CEEAC89000560FF /* Release */ = {
			isa = XCBuildConfiguration;
			buildSettings = {
				ASSETCATALOG_COMPILER_APPICON_NAME = AppIcon;
				ASSETCATALOG_COMPILER_GLOBAL_ACCENT_COLOR_NAME = AccentColor;
				CODE_SIGN_STYLE = Automatic;
				CURRENT_PROJECT_VERSION = 1;
				DEVELOPMENT_ASSET_PATHS = "\"JList/Preview Content\"";
				DEVELOPMENT_TEAM = TRHCY6MMY7;
				ENABLE_PREVIEWS = YES;
				GENERATE_INFOPLIST_FILE = YES;
				INFOPLIST_FILE = JList/Info.plist;
				INFOPLIST_KEY_NSLocationWhenInUseUsageDescription = "Need location services to send notifications.";
				INFOPLIST_KEY_UIApplicationSceneManifest_Generation = YES;
				INFOPLIST_KEY_UIApplicationSupportsIndirectInputEvents = YES;
				INFOPLIST_KEY_UILaunchScreen_Generation = YES;
				INFOPLIST_KEY_UILaunchStoryboardName = "Launch Screen.storyboard";
				INFOPLIST_KEY_UISupportedInterfaceOrientations_iPad = "UIInterfaceOrientationPortrait UIInterfaceOrientationPortraitUpsideDown UIInterfaceOrientationLandscapeLeft UIInterfaceOrientationLandscapeRight";
				INFOPLIST_KEY_UISupportedInterfaceOrientations_iPhone = "UIInterfaceOrientationPortrait UIInterfaceOrientationLandscapeLeft UIInterfaceOrientationLandscapeRight";
				LD_RUNPATH_SEARCH_PATHS = (
					"$(inherited)",
					"@executable_path/Frameworks",
				);
				MARKETING_VERSION = 1.0;
				PRODUCT_BUNDLE_IDENTIFIER = com.example.www.JList;
				PRODUCT_NAME = "$(TARGET_NAME)";
				SWIFT_EMIT_LOC_STRINGS = YES;
				SWIFT_VERSION = 5.0;
				TARGETED_DEVICE_FAMILY = "1,2";
			};
			name = Release;
		};
/* End XCBuildConfiguration section */

/* Begin XCConfigurationList section */
		0D4730962CEEAC88000560FF /* Build configuration list for PBXProject "JList" */ = {
			isa = XCConfigurationList;
			buildConfigurations = (
				0D4730A92CEEAC89000560FF /* Debug */,
				0D4730AA2CEEAC89000560FF /* Release */,
			);
			defaultConfigurationIsVisible = 0;
			defaultConfigurationName = Release;
		};
		0D4730AB2CEEAC89000560FF /* Build configuration list for PBXNativeTarget "JList" */ = {
			isa = XCConfigurationList;
			buildConfigurations = (
				0D4730AC2CEEAC89000560FF /* Debug */,
				0D4730AD2CEEAC89000560FF /* Release */,
			);
			defaultConfigurationIsVisible = 0;
			defaultConfigurationName = Release;
		};
/* End XCConfigurationList section */
	};
	rootObject = 0D4730932CEEAC88000560FF /* Project object */;
}
